// !$*UTF8*$!
{
	archiveVersion = 1;
	classes = {
	};
	objectVersion = 51;
	objects = {

/* Begin PBXBuildFile section */
		3CDC87AFB3286FB9150FA955 /* Pods_Wild_Route.framework in Frameworks */ = {isa = PBXBuildFile; fileRef = 659522E74C6427AAE0F5818B /* Pods_Wild_Route.framework */; };
		E31108B3259AB39A00C1C4CB /* Wild_Route.swift in Sources */ = {isa = PBXBuildFile; fileRef = E31108B2259AB39A00C1C4CB /* Wild_Route.swift */; };
		E31108B5259AB39A00C1C4CB /* iosMapView.swift in Sources */ = {isa = PBXBuildFile; fileRef = E31108B4259AB39A00C1C4CB /* iosMapView.swift */; };
		E31108B7259AB39D00C1C4CB /* Assets.xcassets in Resources */ = {isa = PBXBuildFile; fileRef = E31108B6259AB39D00C1C4CB /* Assets.xcassets */; };
		E31108BA259AB39D00C1C4CB /* Preview Assets.xcassets in Resources */ = {isa = PBXBuildFile; fileRef = E31108B9259AB39D00C1C4CB /* Preview Assets.xcassets */; };
		E31108D0259B967300C1C4CB /* UserProfileView.swift in Sources */ = {isa = PBXBuildFile; fileRef = E31108CF259B967300C1C4CB /* UserProfileView.swift */; };
		E31108D4259B9B9D00C1C4CB /* FavouritesView.swift in Sources */ = {isa = PBXBuildFile; fileRef = E31108D3259B9B9D00C1C4CB /* FavouritesView.swift */; };
		E31108D8259B9DBA00C1C4CB /* TabBar.swift in Sources */ = {isa = PBXBuildFile; fileRef = E31108D7259B9DBA00C1C4CB /* TabBar.swift */; };
		E321240025B75FEB00BBCA89 /* Mapbox.framework in Frameworks */ = {isa = PBXBuildFile; fileRef = E32123FB25B75E7D00BBCA89 /* Mapbox.framework */; };
		E321240125B75FEB00BBCA89 /* Mapbox.framework in Embed Frameworks */ = {isa = PBXBuildFile; fileRef = E32123FB25B75E7D00BBCA89 /* Mapbox.framework */; settings = {ATTRIBUTES = (CodeSignOnCopy, RemoveHeadersOnCopy, ); }; };
		E321240625B7602400BBCA89 /* MapBoxMap.swift in Sources */ = {isa = PBXBuildFile; fileRef = E321240525B7602400BBCA89 /* MapBoxMap.swift */; };
		E321244F25BC681500BBCA89 /* SlideOverCard.swift in Sources */ = {isa = PBXBuildFile; fileRef = E321244E25BC681400BBCA89 /* SlideOverCard.swift */; };
		E350B99B25D3630E001BD6F9 /* LandmarkStructure.swift in Sources */ = {isa = PBXBuildFile; fileRef = E350B99A25D3630E001BD6F9 /* LandmarkStructure.swift */; };
		E35549DD25C8237300066769 /* SkiResorts.swift in Sources */ = {isa = PBXBuildFile; fileRef = E35549DC25C8237300066769 /* SkiResorts.swift */; };
		E35549DF25C899AD00066769 /* ActivityCard.swift in Sources */ = {isa = PBXBuildFile; fileRef = E35549DE25C899AD00066769 /* ActivityCard.swift */; };
		E35549E125C989B200066769 /* UserLocation.swift in Sources */ = {isa = PBXBuildFile; fileRef = E35549E025C989B100066769 /* UserLocation.swift */; };
		E3737E7325AF60A1005B98FF /* Persistence.swift in Sources */ = {isa = PBXBuildFile; fileRef = E3737E7225AF60A1005B98FF /* Persistence.swift */; };
		E379225825CF05AF00B3819A /* RatingsView.swift in Sources */ = {isa = PBXBuildFile; fileRef = E379225725CF05AF00B3819A /* RatingsView.swift */; };
		E379237E25D0A1F100B3819A /* DisplaySearch.swift in Sources */ = {isa = PBXBuildFile; fileRef = E379237D25D0A1F100B3819A /* DisplaySearch.swift */; };
		E379238125D181DF00B3819A /* MapboxMobileEvents.framework in Frameworks */ = {isa = PBXBuildFile; fileRef = E379237F25D181D300B3819A /* MapboxMobileEvents.framework */; };
		E379238225D181DF00B3819A /* MapboxMobileEvents.framework in Embed Frameworks */ = {isa = PBXBuildFile; fileRef = E379237F25D181D300B3819A /* MapboxMobileEvents.framework */; settings = {ATTRIBUTES = (CodeSignOnCopy, RemoveHeadersOnCopy, ); }; };
		E3C22DA825CCC8710025332C /* GoogleService-Info.plist in Resources */ = {isa = PBXBuildFile; fileRef = E3C22DA725CCC8710025332C /* GoogleService-Info.plist */; };
		E3C22DD325CDFA050025332C /* RatingStructure.swift in Sources */ = {isa = PBXBuildFile; fileRef = E3C22DD225CDFA050025332C /* RatingStructure.swift */; };
		E3CCA1A225AF2F4D00917E16 /* Preferences.swift in Sources */ = {isa = PBXBuildFile; fileRef = E3CCA1A125AF2F4D00917E16 /* Preferences.swift */; };
		E3CCA1A625AF33F100917E16 /* PreferencesData.xcdatamodeld in Sources */ = {isa = PBXBuildFile; fileRef = E3CCA1A425AF33F000917E16 /* PreferencesData.xcdatamodeld */; };
/* End PBXBuildFile section */

/* Begin PBXCopyFilesBuildPhase section */
		E321240225B75FEB00BBCA89 /* Embed Frameworks */ = {
			isa = PBXCopyFilesBuildPhase;
			buildActionMask = 12;
			dstPath = "";
			dstSubfolderSpec = 10;
			files = (
				E379238225D181DF00B3819A /* MapboxMobileEvents.framework in Embed Frameworks */,
				E321240125B75FEB00BBCA89 /* Mapbox.framework in Embed Frameworks */,
			);
			name = "Embed Frameworks";
			runOnlyForDeploymentPostprocessing = 0;
		};
/* End PBXCopyFilesBuildPhase section */

/* Begin PBXFileReference section */
		09D537B02272FCA007104741 /* Pods-Wild Route.release.xcconfig */ = {isa = PBXFileReference; includeInIndex = 1; lastKnownFileType = text.xcconfig; name = "Pods-Wild Route.release.xcconfig"; path = "Target Support Files/Pods-Wild Route/Pods-Wild Route.release.xcconfig"; sourceTree = "<group>"; };
		659522E74C6427AAE0F5818B /* Pods_Wild_Route.framework */ = {isa = PBXFileReference; explicitFileType = wrapper.framework; includeInIndex = 0; path = Pods_Wild_Route.framework; sourceTree = BUILT_PRODUCTS_DIR; };
		E31108AF259AB39A00C1C4CB /* Wild Route.app */ = {isa = PBXFileReference; explicitFileType = wrapper.application; includeInIndex = 0; path = "Wild Route.app"; sourceTree = BUILT_PRODUCTS_DIR; };
		E31108B2259AB39A00C1C4CB /* Wild_Route.swift */ = {isa = PBXFileReference; lastKnownFileType = sourcecode.swift; path = Wild_Route.swift; sourceTree = "<group>"; };
		E31108B4259AB39A00C1C4CB /* iosMapView.swift */ = {isa = PBXFileReference; lastKnownFileType = sourcecode.swift; path = iosMapView.swift; sourceTree = "<group>"; };
		E31108B6259AB39D00C1C4CB /* Assets.xcassets */ = {isa = PBXFileReference; lastKnownFileType = folder.assetcatalog; path = Assets.xcassets; sourceTree = "<group>"; };
		E31108B9259AB39D00C1C4CB /* Preview Assets.xcassets */ = {isa = PBXFileReference; lastKnownFileType = folder.assetcatalog; path = "Preview Assets.xcassets"; sourceTree = "<group>"; };
		E31108BB259AB39D00C1C4CB /* Info.plist */ = {isa = PBXFileReference; lastKnownFileType = text.plist.xml; path = Info.plist; sourceTree = "<group>"; };
		E31108CF259B967300C1C4CB /* UserProfileView.swift */ = {isa = PBXFileReference; lastKnownFileType = sourcecode.swift; path = UserProfileView.swift; sourceTree = "<group>"; };
		E31108D3259B9B9D00C1C4CB /* FavouritesView.swift */ = {isa = PBXFileReference; lastKnownFileType = sourcecode.swift; path = FavouritesView.swift; sourceTree = "<group>"; };
		E31108D7259B9DBA00C1C4CB /* TabBar.swift */ = {isa = PBXFileReference; lastKnownFileType = sourcecode.swift; path = TabBar.swift; sourceTree = "<group>"; };
		E32123FB25B75E7D00BBCA89 /* Mapbox.framework */ = {isa = PBXFileReference; lastKnownFileType = wrapper.framework; path = Mapbox.framework; sourceTree = "<group>"; };
		E321240525B7602400BBCA89 /* MapBoxMap.swift */ = {isa = PBXFileReference; lastKnownFileType = sourcecode.swift; path = MapBoxMap.swift; sourceTree = "<group>"; };
		E321244E25BC681400BBCA89 /* SlideOverCard.swift */ = {isa = PBXFileReference; lastKnownFileType = sourcecode.swift; path = SlideOverCard.swift; sourceTree = "<group>"; };
		E350B99A25D3630E001BD6F9 /* LandmarkStructure.swift */ = {isa = PBXFileReference; lastKnownFileType = sourcecode.swift; path = LandmarkStructure.swift; sourceTree = "<group>"; };
		E35549DC25C8237300066769 /* SkiResorts.swift */ = {isa = PBXFileReference; lastKnownFileType = sourcecode.swift; path = SkiResorts.swift; sourceTree = "<group>"; };
		E35549DE25C899AD00066769 /* ActivityCard.swift */ = {isa = PBXFileReference; lastKnownFileType = sourcecode.swift; path = ActivityCard.swift; sourceTree = "<group>"; };
		E35549E025C989B100066769 /* UserLocation.swift */ = {isa = PBXFileReference; lastKnownFileType = sourcecode.swift; path = UserLocation.swift; sourceTree = "<group>"; };
		E3737E7225AF60A1005B98FF /* Persistence.swift */ = {isa = PBXFileReference; lastKnownFileType = sourcecode.swift; path = Persistence.swift; sourceTree = "<group>"; };
		E379225725CF05AF00B3819A /* RatingsView.swift */ = {isa = PBXFileReference; lastKnownFileType = sourcecode.swift; path = RatingsView.swift; sourceTree = "<group>"; };
		E379237D25D0A1F100B3819A /* DisplaySearch.swift */ = {isa = PBXFileReference; lastKnownFileType = sourcecode.swift; path = DisplaySearch.swift; sourceTree = "<group>"; };
		E379237F25D181D300B3819A /* MapboxMobileEvents.framework */ = {isa = PBXFileReference; lastKnownFileType = wrapper.framework; name = MapboxMobileEvents.framework; path = "../../Downloads/mapbox-ios-sdk-dynamic-with-events/dynamic/MapboxMobileEvents.framework"; sourceTree = "<group>"; };
		E3C22DA725CCC8710025332C /* GoogleService-Info.plist */ = {isa = PBXFileReference; fileEncoding = 4; lastKnownFileType = text.plist.xml; path = "GoogleService-Info.plist"; sourceTree = "<group>"; };
		E3C22DD225CDFA050025332C /* RatingStructure.swift */ = {isa = PBXFileReference; lastKnownFileType = sourcecode.swift; path = RatingStructure.swift; sourceTree = "<group>"; };
		E3CCA1A125AF2F4D00917E16 /* Preferences.swift */ = {isa = PBXFileReference; lastKnownFileType = sourcecode.swift; path = Preferences.swift; sourceTree = "<group>"; };
		E3CCA1A525AF33F000917E16 /* PreferencesData.xcdatamodel */ = {isa = PBXFileReference; lastKnownFileType = wrapper.xcdatamodel; path = PreferencesData.xcdatamodel; sourceTree = "<group>"; };
		EF3167E4F0676197A4835CE3 /* Pods-Wild Route.debug.xcconfig */ = {isa = PBXFileReference; includeInIndex = 1; lastKnownFileType = text.xcconfig; name = "Pods-Wild Route.debug.xcconfig"; path = "Target Support Files/Pods-Wild Route/Pods-Wild Route.debug.xcconfig"; sourceTree = "<group>"; };
/* End PBXFileReference section */

/* Begin PBXFrameworksBuildPhase section */
		E31108AC259AB39A00C1C4CB /* Frameworks */ = {
			isa = PBXFrameworksBuildPhase;
			buildActionMask = 2147483647;
			files = (
				E379238125D181DF00B3819A /* MapboxMobileEvents.framework in Frameworks */,
				E321240025B75FEB00BBCA89 /* Mapbox.framework in Frameworks */,
				3CDC87AFB3286FB9150FA955 /* Pods_Wild_Route.framework in Frameworks */,
			);
			runOnlyForDeploymentPostprocessing = 0;
		};
/* End PBXFrameworksBuildPhase section */

/* Begin PBXGroup section */
		3098F57DB696DDDE2699D24A /* Pods */ = {
			isa = PBXGroup;
			children = (
				EF3167E4F0676197A4835CE3 /* Pods-Wild Route.debug.xcconfig */,
				09D537B02272FCA007104741 /* Pods-Wild Route.release.xcconfig */,
			);
			path = Pods;
			sourceTree = "<group>";
		};
		BFDC8DAAF9CF861CCF58F1FF /* Frameworks */ = {
			isa = PBXGroup;
			children = (
				659522E74C6427AAE0F5818B /* Pods_Wild_Route.framework */,
			);
			name = Frameworks;
			sourceTree = "<group>";
		};
		E31108A6259AB39A00C1C4CB = {
			isa = PBXGroup;
			children = (
				E32123FB25B75E7D00BBCA89 /* Mapbox.framework */,
				E379237F25D181D300B3819A /* MapboxMobileEvents.framework */,
				E31108B1259AB39A00C1C4CB /* Wild Route */,
				E31108B0259AB39A00C1C4CB /* Products */,
				BFDC8DAAF9CF861CCF58F1FF /* Frameworks */,
				3098F57DB696DDDE2699D24A /* Pods */,
			);
			sourceTree = "<group>";
		};
		E31108B0259AB39A00C1C4CB /* Products */ = {
			isa = PBXGroup;
			children = (
				E31108AF259AB39A00C1C4CB /* Wild Route.app */,
			);
			name = Products;
			sourceTree = "<group>";
		};
		E31108B1259AB39A00C1C4CB /* Wild Route */ = {
			isa = PBXGroup;
			children = (
				E31108B2259AB39A00C1C4CB /* Wild_Route.swift */,
				E31108C7259B7B9000C1C4CB /* Views */,
				E31108B6259AB39D00C1C4CB /* Assets.xcassets */,
				E3C22DD025CDF7880025332C /* DataStructures */,
				E3737E7225AF60A1005B98FF /* Persistence.swift */,
				E31108BB259AB39D00C1C4CB /* Info.plist */,
				E3C22DA725CCC8710025332C /* GoogleService-Info.plist */,
				E3CCA1A425AF33F000917E16 /* PreferencesData.xcdatamodeld */,
				E31108B8259AB39D00C1C4CB /* Preview Content */,
			);
			path = "Wild Route";
			sourceTree = "<group>";
		};
		E31108B8259AB39D00C1C4CB /* Preview Content */ = {
			isa = PBXGroup;
			children = (
				E31108B9259AB39D00C1C4CB /* Preview Assets.xcassets */,
			);
			path = "Preview Content";
			sourceTree = "<group>";
		};
		E31108C7259B7B9000C1C4CB /* Views */ = {
			isa = PBXGroup;
			children = (
				E31108B4259AB39A00C1C4CB /* iosMapView.swift */,
				E379225725CF05AF00B3819A /* RatingsView.swift */,
				E31108CF259B967300C1C4CB /* UserProfileView.swift */,
				E31108D3259B9B9D00C1C4CB /* FavouritesView.swift */,
				E31108D7259B9DBA00C1C4CB /* TabBar.swift */,
				E3CCA1A125AF2F4D00917E16 /* Preferences.swift */,
				E321240525B7602400BBCA89 /* MapBoxMap.swift */,
				E321244E25BC681400BBCA89 /* SlideOverCard.swift */,
				E35549DC25C8237300066769 /* SkiResorts.swift */,
				E35549DE25C899AD00066769 /* ActivityCard.swift */,
				E379237D25D0A1F100B3819A /* DisplaySearch.swift */,
				E35549E025C989B100066769 /* UserLocation.swift */,
			);
			path = Views;
			sourceTree = "<group>";
		};
		E3C22DD025CDF7880025332C /* DataStructures */ = {
			isa = PBXGroup;
			children = (
				E3C22DD225CDFA050025332C /* RatingStructure.swift */,
				E350B99A25D3630E001BD6F9 /* LandmarkStructure.swift */,
			);
			path = DataStructures;
			sourceTree = "<group>";
		};
/* End PBXGroup section */

/* Begin PBXNativeTarget section */
		E31108AE259AB39A00C1C4CB /* Wild Route */ = {
			isa = PBXNativeTarget;
			buildConfigurationList = E31108BE259AB39D00C1C4CB /* Build configuration list for PBXNativeTarget "Wild Route" */;
			buildPhases = (
				33C73BB77A8313CE8FD4A4BF /* [CP] Check Pods Manifest.lock */,
				E31108AB259AB39A00C1C4CB /* Sources */,
				E31108AC259AB39A00C1C4CB /* Frameworks */,
				E31108AD259AB39A00C1C4CB /* Resources */,
				E321240225B75FEB00BBCA89 /* Embed Frameworks */,
				3FC59E88A4C47213D099C74A /* [CP] Embed Pods Frameworks */,
			);
			buildRules = (
			);
			dependencies = (
			);
			name = "Wild Route";
			productName = "Outdoor Activity Recommender";
			productReference = E31108AF259AB39A00C1C4CB /* Wild Route.app */;
			productType = "com.apple.product-type.application";
		};
/* End PBXNativeTarget section */

/* Begin PBXProject section */
		E31108A7259AB39A00C1C4CB /* Project object */ = {
			isa = PBXProject;
			attributes = {
				LastSwiftUpdateCheck = 1230;
				LastUpgradeCheck = 1230;
				TargetAttributes = {
					E31108AE259AB39A00C1C4CB = {
						CreatedOnToolsVersion = 12.3;
					};
				};
			};
			buildConfigurationList = E31108AA259AB39A00C1C4CB /* Build configuration list for PBXProject "Wild Route" */;
			compatibilityVersion = "Xcode 9.3";
			developmentRegion = en;
			hasScannedForEncodings = 0;
			knownRegions = (
				en,
				Base,
			);
			mainGroup = E31108A6259AB39A00C1C4CB;
			productRefGroup = E31108B0259AB39A00C1C4CB /* Products */;
			projectDirPath = "";
			projectRoot = "";
			targets = (
				E31108AE259AB39A00C1C4CB /* Wild Route */,
			);
		};
/* End PBXProject section */

/* Begin PBXResourcesBuildPhase section */
		E31108AD259AB39A00C1C4CB /* Resources */ = {
			isa = PBXResourcesBuildPhase;
			buildActionMask = 2147483647;
			files = (
				E31108BA259AB39D00C1C4CB /* Preview Assets.xcassets in Resources */,
				E31108B7259AB39D00C1C4CB /* Assets.xcassets in Resources */,
				E3C22DA825CCC8710025332C /* GoogleService-Info.plist in Resources */,
			);
			runOnlyForDeploymentPostprocessing = 0;
		};
/* End PBXResourcesBuildPhase section */

/* Begin PBXShellScriptBuildPhase section */
		33C73BB77A8313CE8FD4A4BF /* [CP] Check Pods Manifest.lock */ = {
			isa = PBXShellScriptBuildPhase;
			buildActionMask = 2147483647;
			files = (
			);
			inputFileListPaths = (
			);
			inputPaths = (
				"${PODS_PODFILE_DIR_PATH}/Podfile.lock",
				"${PODS_ROOT}/Manifest.lock",
			);
			name = "[CP] Check Pods Manifest.lock";
			outputFileListPaths = (
			);
			outputPaths = (
				"$(DERIVED_FILE_DIR)/Pods-Wild Route-checkManifestLockResult.txt",
			);
			runOnlyForDeploymentPostprocessing = 0;
			shellPath = /bin/sh;
			shellScript = "diff \"${PODS_PODFILE_DIR_PATH}/Podfile.lock\" \"${PODS_ROOT}/Manifest.lock\" > /dev/null\nif [ $? != 0 ] ; then\n    # print error to STDERR\n    echo \"error: The sandbox is not in sync with the Podfile.lock. Run 'pod install' or update your CocoaPods installation.\" >&2\n    exit 1\nfi\n# This output is used by Xcode 'outputs' to avoid re-running this script phase.\necho \"SUCCESS\" > \"${SCRIPT_OUTPUT_FILE_0}\"\n";
			showEnvVarsInLog = 0;
		};
		3FC59E88A4C47213D099C74A /* [CP] Embed Pods Frameworks */ = {
			isa = PBXShellScriptBuildPhase;
			buildActionMask = 2147483647;
			files = (
			);
			inputFileListPaths = (
				"${PODS_ROOT}/Target Support Files/Pods-Wild Route/Pods-Wild Route-frameworks-${CONFIGURATION}-input-files.xcfilelist",
			);
			name = "[CP] Embed Pods Frameworks";
			outputFileListPaths = (
				"${PODS_ROOT}/Target Support Files/Pods-Wild Route/Pods-Wild Route-frameworks-${CONFIGURATION}-output-files.xcfilelist",
			);
			runOnlyForDeploymentPostprocessing = 0;
			shellPath = /bin/sh;
			shellScript = "\"${PODS_ROOT}/Target Support Files/Pods-Wild Route/Pods-Wild Route-frameworks.sh\"\n";
			showEnvVarsInLog = 0;
		};
/* End PBXShellScriptBuildPhase section */

/* Begin PBXSourcesBuildPhase section */
		E31108AB259AB39A00C1C4CB /* Sources */ = {
			isa = PBXSourcesBuildPhase;
			buildActionMask = 2147483647;
			files = (
				E31108B5259AB39A00C1C4CB /* iosMapView.swift in Sources */,
				E321240625B7602400BBCA89 /* MapBoxMap.swift in Sources */,
				E31108B3259AB39A00C1C4CB /* Wild_Route.swift in Sources */,
				E379237E25D0A1F100B3819A /* DisplaySearch.swift in Sources */,
				E3C22DD325CDFA050025332C /* RatingStructure.swift in Sources */,
				E31108D4259B9B9D00C1C4CB /* FavouritesView.swift in Sources */,
				E321244F25BC681500BBCA89 /* SlideOverCard.swift in Sources */,
				E35549E125C989B200066769 /* UserLocation.swift in Sources */,
				E31108D0259B967300C1C4CB /* UserProfileView.swift in Sources */,
				E31108D8259B9DBA00C1C4CB /* TabBar.swift in Sources */,
				E3CCA1A225AF2F4D00917E16 /* Preferences.swift in Sources */,
				E35549DF25C899AD00066769 /* ActivityCard.swift in Sources */,
				E3CCA1A625AF33F100917E16 /* PreferencesData.xcdatamodeld in Sources */,
				E35549DD25C8237300066769 /* SkiResorts.swift in Sources */,
				E3737E7325AF60A1005B98FF /* Persistence.swift in Sources */,
				E379225825CF05AF00B3819A /* RatingsView.swift in Sources */,
				E350B99B25D3630E001BD6F9 /* LandmarkStructure.swift in Sources */,
			);
			runOnlyForDeploymentPostprocessing = 0;
		};
/* End PBXSourcesBuildPhase section */

/* Begin XCBuildConfiguration section */
		E31108BC259AB39D00C1C4CB /* Debug */ = {
			isa = XCBuildConfiguration;
			buildSettings = {
				ALWAYS_SEARCH_USER_PATHS = NO;
				CLANG_ANALYZER_NONNULL = YES;
				CLANG_ANALYZER_NUMBER_OBJECT_CONVERSION = YES_AGGRESSIVE;
				CLANG_CXX_LANGUAGE_STANDARD = "gnu++14";
				CLANG_CXX_LIBRARY = "libc++";
				CLANG_ENABLE_MODULES = YES;
				CLANG_ENABLE_OBJC_ARC = YES;
				CLANG_ENABLE_OBJC_WEAK = YES;
				CLANG_WARN_BLOCK_CAPTURE_AUTORELEASING = YES;
				CLANG_WARN_BOOL_CONVERSION = YES;
				CLANG_WARN_COMMA = YES;
				CLANG_WARN_CONSTANT_CONVERSION = YES;
				CLANG_WARN_DEPRECATED_OBJC_IMPLEMENTATIONS = YES;
				CLANG_WARN_DIRECT_OBJC_ISA_USAGE = YES_ERROR;
				CLANG_WARN_DOCUMENTATION_COMMENTS = YES;
				CLANG_WARN_EMPTY_BODY = YES;
				CLANG_WARN_ENUM_CONVERSION = YES;
				CLANG_WARN_INFINITE_RECURSION = YES;
				CLANG_WARN_INT_CONVERSION = YES;
				CLANG_WARN_NON_LITERAL_NULL_CONVERSION = YES;
				CLANG_WARN_OBJC_IMPLICIT_RETAIN_SELF = YES;
				CLANG_WARN_OBJC_LITERAL_CONVERSION = YES;
				CLANG_WARN_OBJC_ROOT_CLASS = YES_ERROR;
				CLANG_WARN_QUOTED_INCLUDE_IN_FRAMEWORK_HEADER = YES;
				CLANG_WARN_RANGE_LOOP_ANALYSIS = YES;
				CLANG_WARN_STRICT_PROTOTYPES = YES;
				CLANG_WARN_SUSPICIOUS_MOVE = YES;
				CLANG_WARN_UNGUARDED_AVAILABILITY = YES_AGGRESSIVE;
				CLANG_WARN_UNREACHABLE_CODE = YES;
				CLANG_WARN__DUPLICATE_METHOD_MATCH = YES;
				COPY_PHASE_STRIP = NO;
				DEBUG_INFORMATION_FORMAT = dwarf;
				ENABLE_STRICT_OBJC_MSGSEND = YES;
				ENABLE_TESTABILITY = YES;
				GCC_C_LANGUAGE_STANDARD = gnu11;
				GCC_DYNAMIC_NO_PIC = NO;
				GCC_NO_COMMON_BLOCKS = YES;
				GCC_OPTIMIZATION_LEVEL = 0;
				GCC_PREPROCESSOR_DEFINITIONS = (
					"DEBUG=1",
					"$(inherited)",
				);
				GCC_WARN_64_TO_32_BIT_CONVERSION = YES;
				GCC_WARN_ABOUT_RETURN_TYPE = YES_ERROR;
				GCC_WARN_UNDECLARED_SELECTOR = YES;
				GCC_WARN_UNINITIALIZED_AUTOS = YES_AGGRESSIVE;
				GCC_WARN_UNUSED_FUNCTION = YES;
				GCC_WARN_UNUSED_VARIABLE = YES;
				IPHONEOS_DEPLOYMENT_TARGET = 14.3;
				MTL_ENABLE_DEBUG_INFO = INCLUDE_SOURCE;
				MTL_FAST_MATH = YES;
				ONLY_ACTIVE_ARCH = YES;
				SDKROOT = iphoneos;
				SWIFT_ACTIVE_COMPILATION_CONDITIONS = DEBUG;
				SWIFT_OPTIMIZATION_LEVEL = "-Onone";
			};
			name = Debug;
		};
		E31108BD259AB39D00C1C4CB /* Release */ = {
			isa = XCBuildConfiguration;
			buildSettings = {
				ALWAYS_SEARCH_USER_PATHS = NO;
				CLANG_ANALYZER_NONNULL = YES;
				CLANG_ANALYZER_NUMBER_OBJECT_CONVERSION = YES_AGGRESSIVE;
				CLANG_CXX_LANGUAGE_STANDARD = "gnu++14";
				CLANG_CXX_LIBRARY = "libc++";
				CLANG_ENABLE_MODULES = YES;
				CLANG_ENABLE_OBJC_ARC = YES;
				CLANG_ENABLE_OBJC_WEAK = YES;
				CLANG_WARN_BLOCK_CAPTURE_AUTORELEASING = YES;
				CLANG_WARN_BOOL_CONVERSION = YES;
				CLANG_WARN_COMMA = YES;
				CLANG_WARN_CONSTANT_CONVERSION = YES;
				CLANG_WARN_DEPRECATED_OBJC_IMPLEMENTATIONS = YES;
				CLANG_WARN_DIRECT_OBJC_ISA_USAGE = YES_ERROR;
				CLANG_WARN_DOCUMENTATION_COMMENTS = YES;
				CLANG_WARN_EMPTY_BODY = YES;
				CLANG_WARN_ENUM_CONVERSION = YES;
				CLANG_WARN_INFINITE_RECURSION = YES;
				CLANG_WARN_INT_CONVERSION = YES;
				CLANG_WARN_NON_LITERAL_NULL_CONVERSION = YES;
				CLANG_WARN_OBJC_IMPLICIT_RETAIN_SELF = YES;
				CLANG_WARN_OBJC_LITERAL_CONVERSION = YES;
				CLANG_WARN_OBJC_ROOT_CLASS = YES_ERROR;
				CLANG_WARN_QUOTED_INCLUDE_IN_FRAMEWORK_HEADER = YES;
				CLANG_WARN_RANGE_LOOP_ANALYSIS = YES;
				CLANG_WARN_STRICT_PROTOTYPES = YES;
				CLANG_WARN_SUSPICIOUS_MOVE = YES;
				CLANG_WARN_UNGUARDED_AVAILABILITY = YES_AGGRESSIVE;
				CLANG_WARN_UNREACHABLE_CODE = YES;
				CLANG_WARN__DUPLICATE_METHOD_MATCH = YES;
				COPY_PHASE_STRIP = NO;
				DEBUG_INFORMATION_FORMAT = "dwarf-with-dsym";
				ENABLE_NS_ASSERTIONS = NO;
				ENABLE_STRICT_OBJC_MSGSEND = YES;
				GCC_C_LANGUAGE_STANDARD = gnu11;
				GCC_NO_COMMON_BLOCKS = YES;
				GCC_WARN_64_TO_32_BIT_CONVERSION = YES;
				GCC_WARN_ABOUT_RETURN_TYPE = YES_ERROR;
				GCC_WARN_UNDECLARED_SELECTOR = YES;
				GCC_WARN_UNINITIALIZED_AUTOS = YES_AGGRESSIVE;
				GCC_WARN_UNUSED_FUNCTION = YES;
				GCC_WARN_UNUSED_VARIABLE = YES;
				IPHONEOS_DEPLOYMENT_TARGET = 14.3;
				MTL_ENABLE_DEBUG_INFO = NO;
				MTL_FAST_MATH = YES;
				SDKROOT = iphoneos;
				SWIFT_COMPILATION_MODE = wholemodule;
				SWIFT_OPTIMIZATION_LEVEL = "-O";
				VALIDATE_PRODUCT = YES;
			};
			name = Release;
		};
		E31108BF259AB39D00C1C4CB /* Debug */ = {
			isa = XCBuildConfiguration;
			baseConfigurationReference = EF3167E4F0676197A4835CE3 /* Pods-Wild Route.debug.xcconfig */;
			buildSettings = {
				ASSETCATALOG_COMPILER_APPICON_NAME = AppIcon;
				ASSETCATALOG_COMPILER_GLOBAL_ACCENT_COLOR_NAME = AccentColor;
				CODE_SIGN_STYLE = Automatic;
				DEVELOPMENT_ASSET_PATHS = "\"Wild Route/Preview Content\"";
				DEVELOPMENT_TEAM = QTL3ZJFVAP;
				ENABLE_PREVIEWS = YES;
				FRAMEWORK_SEARCH_PATHS = (
					"$(inherited)",
					"$(PROJECT_DIR)",
				);
				INFOPLIST_FILE = "Wild Route/Info.plist";
				IPHONEOS_DEPLOYMENT_TARGET = 14.0;
				LD_RUNPATH_SEARCH_PATHS = (
					"$(inherited)",
					"@executable_path/Frameworks",
				);
				MARKETING_VERSION = 1.0.0;
				PRODUCT_BUNDLE_IDENTIFIER = "com.ThomasGray.Wild-Route";
				PRODUCT_NAME = "$(TARGET_NAME)";
				SWIFT_VERSION = 5.0;
				TARGETED_DEVICE_FAMILY = 1;
				VALIDATE_WORKSPACE = NO;
			};
			name = Debug;
		};
		E31108C0259AB39D00C1C4CB /* Release */ = {
			isa = XCBuildConfiguration;
			baseConfigurationReference = 09D537B02272FCA007104741 /* Pods-Wild Route.release.xcconfig */;
			buildSettings = {
				ASSETCATALOG_COMPILER_APPICON_NAME = AppIcon;
				ASSETCATALOG_COMPILER_GLOBAL_ACCENT_COLOR_NAME = AccentColor;
				CODE_SIGN_STYLE = Automatic;
				DEVELOPMENT_ASSET_PATHS = "\"Wild Route/Preview Content\"";
				DEVELOPMENT_TEAM = QTL3ZJFVAP;
				ENABLE_PREVIEWS = YES;
				FRAMEWORK_SEARCH_PATHS = (
					"$(inherited)",
					"$(PROJECT_DIR)",
				);
				INFOPLIST_FILE = "Wild Route/Info.plist";
				IPHONEOS_DEPLOYMENT_TARGET = 14.0;
				LD_RUNPATH_SEARCH_PATHS = (
					"$(inherited)",
					"@executable_path/Frameworks",
				);
				MARKETING_VERSION = 1.0.0;
				PRODUCT_BUNDLE_IDENTIFIER = "com.ThomasGray.Wild-Route";
				PRODUCT_NAME = "$(TARGET_NAME)";
				SWIFT_VERSION = 5.0;
				TARGETED_DEVICE_FAMILY = 1;
				VALIDATE_WORKSPACE = NO;
			};
			name = Release;
		};
/* End XCBuildConfiguration section */

/* Begin XCConfigurationList section */
		E31108AA259AB39A00C1C4CB /* Build configuration list for PBXProject "Wild Route" */ = {
			isa = XCConfigurationList;
			buildConfigurations = (
				E31108BC259AB39D00C1C4CB /* Debug */,
				E31108BD259AB39D00C1C4CB /* Release */,
			);
			defaultConfigurationIsVisible = 0;
			defaultConfigurationName = Release;
		};
		E31108BE259AB39D00C1C4CB /* Build configuration list for PBXNativeTarget "Wild Route" */ = {
			isa = XCConfigurationList;
			buildConfigurations = (
				E31108BF259AB39D00C1C4CB /* Debug */,
				E31108C0259AB39D00C1C4CB /* Release */,
			);
			defaultConfigurationIsVisible = 0;
			defaultConfigurationName = Release;
		};
/* End XCConfigurationList section */

/* Begin XCVersionGroup section */
		E3CCA1A425AF33F000917E16 /* PreferencesData.xcdatamodeld */ = {
			isa = XCVersionGroup;
			children = (
				E3CCA1A525AF33F000917E16 /* PreferencesData.xcdatamodel */,
			);
			currentVersion = E3CCA1A525AF33F000917E16 /* PreferencesData.xcdatamodel */;
			path = PreferencesData.xcdatamodeld;
			sourceTree = "<group>";
			versionGroupType = wrapper.xcdatamodel;
		};
/* End XCVersionGroup section */
	};
	rootObject = E31108A7259AB39A00C1C4CB /* Project object */;
}
